
Microsoft Visual Studio Solution File, Format Version 12.00
# Visual Studio Version 16
VisualStudioVersion = 16.0.30611.23
MinimumVisualStudioVersion = 10.0.40219.1
Project("{E24C65DC-7377-472B-9ABA-BC803B73C61A}") = "PracticaMasterPage", "PracticaMasterPage\", "{8300617E-A02E-4B69-8D18-06A22D02D34E}"
	ProjectSection(WebsiteProperties) = preProject
		TargetFrameworkMoniker = ".NETFramework,Version%3Dv4.7.2"
		Debug.AspNetCompiler.VirtualPath = "/localhost_50069"
		Debug.AspNetCompiler.PhysicalPath = "PracticaMasterPage\"
		Debug.AspNetCompiler.TargetPath = "PrecompiledWeb\localhost_50069\"
		Debug.AspNetCompiler.Updateable = "true"
		Debug.AspNetCompiler.ForceOverwrite = "true"
		Debug.AspNetCompiler.FixedNames = "false"
		Debug.AspNetCompiler.Debug = "True"
		Release.AspNetCompiler.VirtualPath = "/localhost_50069"
		Release.AspNetCompiler.PhysicalPath = "PracticaMasterPage\"
		Release.AspNetCompiler.TargetPath = "PrecompiledWeb\localhost_50069\"
		Release.AspNetCompiler.Updateable = "true"
		Release.AspNetCompiler.ForceOverwrite = "true"
		Release.AspNetCompiler.FixedNames = "false"
		Release.AspNetCompiler.Debug = "False"
		VWDPort = "50069"
		SlnRelativePath = "PracticaMasterPage\"
		DefaultWebSiteLanguage = "Visual Basic"
	EndProjectSection
EndProject
Global
	GlobalSection(SolutionConfigurationPlatforms) = preSolution
		Debug|Any CPU = Debug|Any CPU
	EndGlobalSection
	GlobalSection(ProjectConfigurationPlatforms) = postSolution
		{8300617E-A02E-4B69-8D18-06A22D02D34E}.Debug|Any CPU.ActiveCfg = Debug|Any CPU
		{8300617E-A02E-4B69-8D18-06A22D02D34E}.Debug|Any CPU.Build.0 = Debug|Any CPU
	EndGlobalSection
	GlobalSection(SolutionProperties) = preSolution
		HideSolutionNode = FALSE
	EndGlobalSection
	GlobalSection(ExtensibilityGlobals) = postSolution
		SolutionGuid = {8EB5273C-FF26-4519-AF48-C3A54B1C3106}
	EndGlobalSection
EndGlobal
